
Microsoft Visual Studio Solution File, Format Version 12.00
Project("{FAE04EC0-301F-11D3-BF4B-00C04F79EFBC}") = "firstTask", "9th-laboratory-work\firstTask\firstTask.csproj", "{FBA9ED2F-F192-4422-8D81-5411DE2CA17A}"
EndProject
Project("{FAE04EC0-301F-11D3-BF4B-00C04F79EFBC}") = "secondTask", "9th-laboratory-work\secondTask\secondTask.csproj", "{922FC1AD-A398-4DAF-8FDB-13EE65877F93}"
EndProject
Project("{FAE04EC0-301F-11D3-BF4B-00C04F79EFBC}") = "tenth-LW-first-task", "10th-laboratory-work\tenth-LW-first-task\tenth-LW-first-task.csproj", "{8A588E37-9251-434F-B49C-1DB2522D303C}"
EndProject
Project("{FAE04EC0-301F-11D3-BF4B-00C04F79EFBC}") = "tenth-LW-second-task", "10th-laboratory-work\tenth-LW-second-task\tenth-LW-second-task.csproj", "{695F0A30-3D92-4E1E-A981-69991E40E440}"
EndProject
Project("{FAE04EC0-301F-11D3-BF4B-00C04F79EFBC}") = "eleventh-laboratory-work", "11th-laboratory-work\eleventh-laboratory-work\eleventh-laboratory-work.csproj", "{CE9B8B92-94C4-442E-A47F-833F86D3E92F}"
EndProject
Project("{FAE04EC0-301F-11D3-BF4B-00C04F79EFBC}") = "twelfth-laboratory-work", "12th-laboratory-work\twelfth-laboratory-work\twelfth-laboratory-work.csproj", "{9250F5FB-5025-4199-8087-EAE55BEE4047}"
EndProject
Project("{FAE04EC0-301F-11D3-BF4B-00C04F79EFBC}") = "thirteenth-laboratory-work", "13th-laboratory-work\thirteenth-laboratory-work\thirteenth-laboratory-work.csproj", "{D599748F-F5D7-47BC-A6D6-FCB7BD188A84}"
EndProject
Global
	GlobalSection(SolutionConfigurationPlatforms) = preSolution
		Debug|Any CPU = Debug|Any CPU
		Release|Any CPU = Release|Any CPU
	EndGlobalSection
	GlobalSection(ProjectConfigurationPlatforms) = postSolution
		{FBA9ED2F-F192-4422-8D81-5411DE2CA17A}.Debug|Any CPU.ActiveCfg = Debug|Any CPU
		{FBA9ED2F-F192-4422-8D81-5411DE2CA17A}.Debug|Any CPU.Build.0 = Debug|Any CPU
		{FBA9ED2F-F192-4422-8D81-5411DE2CA17A}.Release|Any CPU.ActiveCfg = Release|Any CPU
		{FBA9ED2F-F192-4422-8D81-5411DE2CA17A}.Release|Any CPU.Build.0 = Release|Any CPU
		{922FC1AD-A398-4DAF-8FDB-13EE65877F93}.Debug|Any CPU.ActiveCfg = Debug|Any CPU
		{922FC1AD-A398-4DAF-8FDB-13EE65877F93}.Debug|Any CPU.Build.0 = Debug|Any CPU
		{922FC1AD-A398-4DAF-8FDB-13EE65877F93}.Release|Any CPU.ActiveCfg = Release|Any CPU
		{922FC1AD-A398-4DAF-8FDB-13EE65877F93}.Release|Any CPU.Build.0 = Release|Any CPU
		{8A588E37-9251-434F-B49C-1DB2522D303C}.Debug|Any CPU.ActiveCfg = Debug|Any CPU
		{8A588E37-9251-434F-B49C-1DB2522D303C}.Debug|Any CPU.Build.0 = Debug|Any CPU
		{8A588E37-9251-434F-B49C-1DB2522D303C}.Release|Any CPU.ActiveCfg = Release|Any CPU
		{8A588E37-9251-434F-B49C-1DB2522D303C}.Release|Any CPU.Build.0 = Release|Any CPU
		{695F0A30-3D92-4E1E-A981-69991E40E440}.Debug|Any CPU.ActiveCfg = Debug|Any CPU
		{695F0A30-3D92-4E1E-A981-69991E40E440}.Debug|Any CPU.Build.0 = Debug|Any CPU
		{695F0A30-3D92-4E1E-A981-69991E40E440}.Release|Any CPU.ActiveCfg = Release|Any CPU
		{695F0A30-3D92-4E1E-A981-69991E40E440}.Release|Any CPU.Build.0 = Release|Any CPU
		{CE9B8B92-94C4-442E-A47F-833F86D3E92F}.Debug|Any CPU.ActiveCfg = Debug|Any CPU
		{CE9B8B92-94C4-442E-A47F-833F86D3E92F}.Debug|Any CPU.Build.0 = Debug|Any CPU
		{CE9B8B92-94C4-442E-A47F-833F86D3E92F}.Release|Any CPU.ActiveCfg = Release|Any CPU
		{CE9B8B92-94C4-442E-A47F-833F86D3E92F}.Release|Any CPU.Build.0 = Release|Any CPU
		{9250F5FB-5025-4199-8087-EAE55BEE4047}.Debug|Any CPU.ActiveCfg = Debug|Any CPU
		{9250F5FB-5025-4199-8087-EAE55BEE4047}.Debug|Any CPU.Build.0 = Debug|Any CPU
		{9250F5FB-5025-4199-8087-EAE55BEE4047}.Release|Any CPU.ActiveCfg = Release|Any CPU
		{9250F5FB-5025-4199-8087-EAE55BEE4047}.Release|Any CPU.Build.0 = Release|Any CPU
		{D599748F-F5D7-47BC-A6D6-FCB7BD188A84}.Debug|Any CPU.ActiveCfg = Debug|Any CPU
		{D599748F-F5D7-47BC-A6D6-FCB7BD188A84}.Debug|Any CPU.Build.0 = Debug|Any CPU
		{D599748F-F5D7-47BC-A6D6-FCB7BD188A84}.Release|Any CPU.ActiveCfg = Release|Any CPU
		{D599748F-F5D7-47BC-A6D6-FCB7BD188A84}.Release|Any CPU.Build.0 = Release|Any CPU
	EndGlobalSection
EndGlobal
